
Microsoft Visual Studio Solution File, Format Version 12.00
# Visual Studio Express 14 for Windows Desktop
VisualStudioVersion = 14.0.25420.1
MinimumVisualStudioVersion = 10.0.40219.1
Project("{FAE04EC0-301F-11D3-BF4B-00C04F79EFBC}") = "LodgeMinutes", "LodgeMinutes\LodgeMinutes.csproj", "{55D39F56-FF45-4C3E-A1C0-735203136BA0}"
EndProject
Project("{FAE04EC0-301F-11D3-BF4B-00C04F79EFBC}") = "LodgeMinutesMiddleWare", "LodgeMinutesMiddleWare\LodgeMinutesMiddleWare.csproj", "{2BCE2DDB-DEF5-465B-B046-1DD6955AD3F1}"
EndProject
Global
	GlobalSection(SolutionConfigurationPlatforms) = preSolution
		Debug|Any CPU = Debug|Any CPU
		Release|Any CPU = Release|Any CPU
	EndGlobalSection
	GlobalSection(ProjectConfigurationPlatforms) = postSolution
		{55D39F56-FF45-4C3E-A1C0-735203136BA0}.Debug|Any CPU.ActiveCfg = Debug|Any CPU
		{55D39F56-FF45-4C3E-A1C0-735203136BA0}.Debug|Any CPU.Build.0 = Debug|Any CPU
		{55D39F56-FF45-4C3E-A1C0-735203136BA0}.Release|Any CPU.ActiveCfg = Release|Any CPU
		{55D39F56-FF45-4C3E-A1C0-735203136BA0}.Release|Any CPU.Build.0 = Release|Any CPU
		{2BCE2DDB-DEF5-465B-B046-1DD6955AD3F1}.Debug|Any CPU.ActiveCfg = Debug|Any CPU
		{2BCE2DDB-DEF5-465B-B046-1DD6955AD3F1}.Debug|Any CPU.Build.0 = Debug|Any CPU
		{2BCE2DDB-DEF5-465B-B046-1DD6955AD3F1}.Release|Any CPU.ActiveCfg = Release|Any CPU
		{2BCE2DDB-DEF5-465B-B046-1DD6955AD3F1}.Release|Any CPU.Build.0 = Release|Any CPU
	EndGlobalSection
	GlobalSection(SolutionProperties) = preSolution
		HideSolutionNode = FALSE
	EndGlobalSection
EndGlobal
